{
  "name": "exam-timeline",
  "version": "1.0.0",
  "lockfileVersion": 3,
  "requires": true,
  "packages": {
    "": {
      "name": "exam-timeline",
      "version": "1.0.0",
      "license": "ISC",
      "dependencies": {
        "plotly.js-dist-min": "^3.0.3"
      }
    },
    "node_modules/plotly.js-dist-min": {
      "version": "3.0.3",
      "resolved": "https://registry.npmjs.org/plotly.js-dist-min/-/plotly.js-dist-min-3.0.3.tgz",
      "integrity": "sha512-Y6sbdBbRPebY0bDu7IPtfJivbHDBVPE4T/5rLtwuckH2Hh+69q2lLycKRoJ8pnaZQ8rR1vgPWgbfrWY575cEZg==",
      "license": "MIT"
    }
  }
}
